
Microsoft Visual Studio Solution File, Format Version 12.00
Project("{FAE04EC0-301F-11D3-BF4B-00C04F79EFBC}") = "IShowChat", "IShowChat\IShowChat.csproj", "{B3857EF3-0F67-4002-B205-7FECC46AECE3}"
EndProject
Global
	GlobalSection(SolutionConfigurationPlatforms) = preSolution
		Debug|Any CPU = Debug|Any CPU
		Release|Any CPU = Release|Any CPU
	EndGlobalSection
	GlobalSection(ProjectConfigurationPlatforms) = postSolution
		{B3857EF3-0F67-4002-B205-7FECC46AECE3}.Debug|Any CPU.ActiveCfg = Debug|Any CPU
		{B3857EF3-0F67-4002-B205-7FECC46AECE3}.Debug|Any CPU.Build.0 = Debug|Any CPU
		{B3857EF3-0F67-4002-B205-7FECC46AECE3}.Release|Any CPU.ActiveCfg = Release|Any CPU
		{B3857EF3-0F67-4002-B205-7FECC46AECE3}.Release|Any CPU.Build.0 = Release|Any CPU
	EndGlobalSection
EndGlobal
